
Microsoft Visual Studio Solution File, Format Version 12.00
# Visual Studio 15
VisualStudioVersion = 15.0.28307.329
MinimumVisualStudioVersion = 10.0.40219.1
Project("{2150E333-8FDC-42A3-9474-1A3956D46DE8}") = "Common", "Common", "{036F3963-F212-4AFE-8903-1E726E882E2E}"
EndProject
Project("{2150E333-8FDC-42A3-9474-1A3956D46DE8}") = "UI", "UI", "{0FE6C8AF-A6FF-4AA0-9554-1912494BB2F2}"
EndProject
Project("{2150E333-8FDC-42A3-9474-1A3956D46DE8}") = "Services", "Services", "{CFBCC6F1-8887-4525-B704-B41324CF7FEB}"
EndProject
Project("{9A19103F-16F7-4668-BE54-9A1E7A4F7556}") = "WebStore.DomainEntities", "Common\WebStore.DomainEntities\WebStore.DomainEntities.csproj", "{D3470068-995C-44B5-971E-F416AA033AD7}"
EndProject
Project("{9A19103F-16F7-4668-BE54-9A1E7A4F7556}") = "WebStore.DAL", "Services\WebStore.DAL\WebStore.DAL.csproj", "{8827B29F-123D-4717-B78D-6481003A663D}"
EndProject
Project("{9A19103F-16F7-4668-BE54-9A1E7A4F7556}") = "WebStore", "UI\WebStore\WebStore.csproj", "{A344FC5D-F67A-4CB1-A563-62A09D2E0F82}"
	ProjectSection(ProjectDependencies) = postProject
		{B8FD9919-B6AA-4D23-BD1B-734579C2D36B} = {B8FD9919-B6AA-4D23-BD1B-734579C2D36B}
	EndProjectSection
EndProject
Project("{9A19103F-16F7-4668-BE54-9A1E7A4F7556}") = "WebStore.ServiceHosting", "Services\WebStore.ServiceHosting\WebStore.ServiceHosting.csproj", "{897DF711-6762-4E2E-AB26-142EBE2E20EA}"
EndProject
Project("{9A19103F-16F7-4668-BE54-9A1E7A4F7556}") = "WebStore.Interfaces", "Services\WebStore.Interfaces\WebStore.Interfaces.csproj", "{C0C755EC-5F29-4C6D-B08A-5555A61A8787}"
EndProject
Project("{9A19103F-16F7-4668-BE54-9A1E7A4F7556}") = "WebStore.Services", "Services\WebStore.Services\WebStore.Services.csproj", "{9F44C1C5-8C41-4192-8244-16E78E45F1E9}"
EndProject
Project("{9A19103F-16F7-4668-BE54-9A1E7A4F7556}") = "WebStore.Clients", "Services\WebStore.Clients\WebStore.Clients.csproj", "{3169DB1C-9B11-4E59-B020-29C6F1C3A6AA}"
EndProject
Project("{9A19103F-16F7-4668-BE54-9A1E7A4F7556}") = "WebStore.Logger", "Common\WebStore.Logger\WebStore.Logger.csproj", "{B8FD9919-B6AA-4D23-BD1B-734579C2D36B}"
EndProject
Project("{2150E333-8FDC-42A3-9474-1A3956D46DE8}") = "Tests", "Tests", "{2DCB5CBC-3ACD-453A-BD52-2ABC15DEB863}"
EndProject
Project("{FAE04EC0-301F-11D3-BF4B-00C04F79EFBC}") = "WebStore.Tests", "Tests\WebStore.Tests\WebStore.Tests.csproj", "{A7FB912B-C01E-4F91-B151-1D64C587685D}"
EndProject
Project("{FAE04EC0-301F-11D3-BF4B-00C04F79EFBC}") = "WebStore.Services.Tests", "Tests\WebStore.Services.Tests\WebStore.Services.Tests.csproj", "{A0B1C7EA-0D02-45F3-99D6-BB6113902213}"
EndProject
Global
	GlobalSection(SolutionConfigurationPlatforms) = preSolution
		Debug|Any CPU = Debug|Any CPU
		Release|Any CPU = Release|Any CPU
	EndGlobalSection
	GlobalSection(ProjectConfigurationPlatforms) = postSolution
		{D3470068-995C-44B5-971E-F416AA033AD7}.Debug|Any CPU.ActiveCfg = Debug|Any CPU
		{D3470068-995C-44B5-971E-F416AA033AD7}.Debug|Any CPU.Build.0 = Debug|Any CPU
		{D3470068-995C-44B5-971E-F416AA033AD7}.Release|Any CPU.ActiveCfg = Release|Any CPU
		{D3470068-995C-44B5-971E-F416AA033AD7}.Release|Any CPU.Build.0 = Release|Any CPU
		{8827B29F-123D-4717-B78D-6481003A663D}.Debug|Any CPU.ActiveCfg = Debug|Any CPU
		{8827B29F-123D-4717-B78D-6481003A663D}.Debug|Any CPU.Build.0 = Debug|Any CPU
		{8827B29F-123D-4717-B78D-6481003A663D}.Release|Any CPU.ActiveCfg = Release|Any CPU
		{8827B29F-123D-4717-B78D-6481003A663D}.Release|Any CPU.Build.0 = Release|Any CPU
		{A344FC5D-F67A-4CB1-A563-62A09D2E0F82}.Debug|Any CPU.ActiveCfg = Debug|Any CPU
		{A344FC5D-F67A-4CB1-A563-62A09D2E0F82}.Debug|Any CPU.Build.0 = Debug|Any CPU
		{A344FC5D-F67A-4CB1-A563-62A09D2E0F82}.Release|Any CPU.ActiveCfg = Release|Any CPU
		{A344FC5D-F67A-4CB1-A563-62A09D2E0F82}.Release|Any CPU.Build.0 = Release|Any CPU
		{897DF711-6762-4E2E-AB26-142EBE2E20EA}.Debug|Any CPU.ActiveCfg = Debug|Any CPU
		{897DF711-6762-4E2E-AB26-142EBE2E20EA}.Debug|Any CPU.Build.0 = Debug|Any CPU
		{897DF711-6762-4E2E-AB26-142EBE2E20EA}.Release|Any CPU.ActiveCfg = Release|Any CPU
		{897DF711-6762-4E2E-AB26-142EBE2E20EA}.Release|Any CPU.Build.0 = Release|Any CPU
		{C0C755EC-5F29-4C6D-B08A-5555A61A8787}.Debug|Any CPU.ActiveCfg = Debug|Any CPU
		{C0C755EC-5F29-4C6D-B08A-5555A61A8787}.Debug|Any CPU.Build.0 = Debug|Any CPU
		{C0C755EC-5F29-4C6D-B08A-5555A61A8787}.Release|Any CPU.ActiveCfg = Release|Any CPU
		{C0C755EC-5F29-4C6D-B08A-5555A61A8787}.Release|Any CPU.Build.0 = Release|Any CPU
		{9F44C1C5-8C41-4192-8244-16E78E45F1E9}.Debug|Any CPU.ActiveCfg = Debug|Any CPU
		{9F44C1C5-8C41-4192-8244-16E78E45F1E9}.Debug|Any CPU.Build.0 = Debug|Any CPU
		{9F44C1C5-8C41-4192-8244-16E78E45F1E9}.Release|Any CPU.ActiveCfg = Release|Any CPU
		{9F44C1C5-8C41-4192-8244-16E78E45F1E9}.Release|Any CPU.Build.0 = Release|Any CPU
		{3169DB1C-9B11-4E59-B020-29C6F1C3A6AA}.Debug|Any CPU.ActiveCfg = Debug|Any CPU
		{3169DB1C-9B11-4E59-B020-29C6F1C3A6AA}.Debug|Any CPU.Build.0 = Debug|Any CPU
		{3169DB1C-9B11-4E59-B020-29C6F1C3A6AA}.Release|Any CPU.ActiveCfg = Release|Any CPU
		{3169DB1C-9B11-4E59-B020-29C6F1C3A6AA}.Release|Any CPU.Build.0 = Release|Any CPU
		{B8FD9919-B6AA-4D23-BD1B-734579C2D36B}.Debug|Any CPU.ActiveCfg = Debug|Any CPU
		{B8FD9919-B6AA-4D23-BD1B-734579C2D36B}.Debug|Any CPU.Build.0 = Debug|Any CPU
		{B8FD9919-B6AA-4D23-BD1B-734579C2D36B}.Release|Any CPU.ActiveCfg = Release|Any CPU
		{B8FD9919-B6AA-4D23-BD1B-734579C2D36B}.Release|Any CPU.Build.0 = Release|Any CPU
		{A7FB912B-C01E-4F91-B151-1D64C587685D}.Debug|Any CPU.ActiveCfg = Debug|Any CPU
		{A7FB912B-C01E-4F91-B151-1D64C587685D}.Debug|Any CPU.Build.0 = Debug|Any CPU
		{A7FB912B-C01E-4F91-B151-1D64C587685D}.Release|Any CPU.ActiveCfg = Release|Any CPU
		{A7FB912B-C01E-4F91-B151-1D64C587685D}.Release|Any CPU.Build.0 = Release|Any CPU
		{A0B1C7EA-0D02-45F3-99D6-BB6113902213}.Debug|Any CPU.ActiveCfg = Debug|Any CPU
		{A0B1C7EA-0D02-45F3-99D6-BB6113902213}.Debug|Any CPU.Build.0 = Debug|Any CPU
		{A0B1C7EA-0D02-45F3-99D6-BB6113902213}.Release|Any CPU.ActiveCfg = Release|Any CPU
		{A0B1C7EA-0D02-45F3-99D6-BB6113902213}.Release|Any CPU.Build.0 = Release|Any CPU
	EndGlobalSection
	GlobalSection(SolutionProperties) = preSolution
		HideSolutionNode = FALSE
	EndGlobalSection
	GlobalSection(NestedProjects) = preSolution
		{D3470068-995C-44B5-971E-F416AA033AD7} = {036F3963-F212-4AFE-8903-1E726E882E2E}
		{8827B29F-123D-4717-B78D-6481003A663D} = {CFBCC6F1-8887-4525-B704-B41324CF7FEB}
		{A344FC5D-F67A-4CB1-A563-62A09D2E0F82} = {0FE6C8AF-A6FF-4AA0-9554-1912494BB2F2}
		{897DF711-6762-4E2E-AB26-142EBE2E20EA} = {CFBCC6F1-8887-4525-B704-B41324CF7FEB}
		{C0C755EC-5F29-4C6D-B08A-5555A61A8787} = {CFBCC6F1-8887-4525-B704-B41324CF7FEB}
		{9F44C1C5-8C41-4192-8244-16E78E45F1E9} = {CFBCC6F1-8887-4525-B704-B41324CF7FEB}
		{3169DB1C-9B11-4E59-B020-29C6F1C3A6AA} = {CFBCC6F1-8887-4525-B704-B41324CF7FEB}
		{B8FD9919-B6AA-4D23-BD1B-734579C2D36B} = {036F3963-F212-4AFE-8903-1E726E882E2E}
		{A7FB912B-C01E-4F91-B151-1D64C587685D} = {2DCB5CBC-3ACD-453A-BD52-2ABC15DEB863}
		{A0B1C7EA-0D02-45F3-99D6-BB6113902213} = {2DCB5CBC-3ACD-453A-BD52-2ABC15DEB863}
	EndGlobalSection
	GlobalSection(ExtensibilityGlobals) = postSolution
		SolutionGuid = {3662ED35-16FD-4DEF-A149-C80E59291242}
	EndGlobalSection
EndGlobal
