
Microsoft Visual Studio Solution File, Format Version 12.00
# Visual Studio 15
VisualStudioVersion = 15.0.28307.329
MinimumVisualStudioVersion = 10.0.40219.1
Project("{9A19103F-16F7-4668-BE54-9A1E7A4F7556}") = "WebStore", "WebStore\WebStore.csproj", "{6BB9560C-CE69-45A1-9808-4FE1E382F977}"
EndProject
Project("{9A19103F-16F7-4668-BE54-9A1E7A4F7556}") = "WebStore.DomainEntities", "WebStore.DomainEntitiesNew\WebStore.DomainEntities.csproj", "{7CA2AFD0-F10A-400B-AF24-984D68C3370C}"
EndProject
Project("{9A19103F-16F7-4668-BE54-9A1E7A4F7556}") = "WebStore.DAL", "WebStore.DALNew\WebStore.DAL.csproj", "{2505F51A-9E39-40A8-B6AD-994AF327CE0A}"
EndProject
Global
	GlobalSection(SolutionConfigurationPlatforms) = preSolution
		Debug|Any CPU = Debug|Any CPU
		Release|Any CPU = Release|Any CPU
	EndGlobalSection
	GlobalSection(ProjectConfigurationPlatforms) = postSolution
		{6BB9560C-CE69-45A1-9808-4FE1E382F977}.Debug|Any CPU.ActiveCfg = Debug|Any CPU
		{6BB9560C-CE69-45A1-9808-4FE1E382F977}.Debug|Any CPU.Build.0 = Debug|Any CPU
		{6BB9560C-CE69-45A1-9808-4FE1E382F977}.Release|Any CPU.ActiveCfg = Release|Any CPU
		{6BB9560C-CE69-45A1-9808-4FE1E382F977}.Release|Any CPU.Build.0 = Release|Any CPU
		{7CA2AFD0-F10A-400B-AF24-984D68C3370C}.Debug|Any CPU.ActiveCfg = Debug|Any CPU
		{7CA2AFD0-F10A-400B-AF24-984D68C3370C}.Debug|Any CPU.Build.0 = Debug|Any CPU
		{7CA2AFD0-F10A-400B-AF24-984D68C3370C}.Release|Any CPU.ActiveCfg = Release|Any CPU
		{7CA2AFD0-F10A-400B-AF24-984D68C3370C}.Release|Any CPU.Build.0 = Release|Any CPU
		{2505F51A-9E39-40A8-B6AD-994AF327CE0A}.Debug|Any CPU.ActiveCfg = Debug|Any CPU
		{2505F51A-9E39-40A8-B6AD-994AF327CE0A}.Debug|Any CPU.Build.0 = Debug|Any CPU
		{2505F51A-9E39-40A8-B6AD-994AF327CE0A}.Release|Any CPU.ActiveCfg = Release|Any CPU
		{2505F51A-9E39-40A8-B6AD-994AF327CE0A}.Release|Any CPU.Build.0 = Release|Any CPU
	EndGlobalSection
	GlobalSection(SolutionProperties) = preSolution
		HideSolutionNode = FALSE
	EndGlobalSection
	GlobalSection(ExtensibilityGlobals) = postSolution
		SolutionGuid = {3662ED35-16FD-4DEF-A149-C80E59291242}
	EndGlobalSection
EndGlobal
